
Microsoft Visual Studio Solution File, Format Version 12.00
# Visual Studio Version 17
VisualStudioVersion = 17.2.32616.157
MinimumVisualStudioVersion = 10.0.40219.1
Project("{FAE04EC0-301F-11D3-BF4B-00C04F79EFBC}") = "BikersX", "BikersX\BikersX.csproj", "{7A7D0753-87C1-4E87-9FEF-F53062840A8F}"
EndProject
Project("{FAE04EC0-301F-11D3-BF4B-00C04F79EFBC}") = "BikersX.Authentication", "BikersX.Authentication\BikersX.Authentication.csproj", "{BD338207-0601-4D53-8C3D-78364E30D461}"
EndProject
Project("{FAE04EC0-301F-11D3-BF4B-00C04F79EFBC}") = "BikersX.Configuration", "BikersX.Configuration\BikersX.Configuration.csproj", "{5937A839-3912-40D4-9638-031DF48427F6}"
EndProject
Project("{FAE04EC0-301F-11D3-BF4B-00C04F79EFBC}") = "BikersX.DataService", "BikersX.DataService\BikersX.DataService.csproj", "{F52ED670-17A4-4ED8-BD3E-6318B4561B61}"
EndProject
Project("{FAE04EC0-301F-11D3-BF4B-00C04F79EFBC}") = "BikersX.Entities", "BikersX.Entities\BikersX.Entities.csproj", "{B9B371E0-2F18-4A79-B245-F30019E99340}"
EndProject
Global
	GlobalSection(SolutionConfigurationPlatforms) = preSolution
		Debug|Any CPU = Debug|Any CPU
		Release|Any CPU = Release|Any CPU
	EndGlobalSection
	GlobalSection(ProjectConfigurationPlatforms) = postSolution
		{7A7D0753-87C1-4E87-9FEF-F53062840A8F}.Debug|Any CPU.ActiveCfg = Debug|Any CPU
		{7A7D0753-87C1-4E87-9FEF-F53062840A8F}.Debug|Any CPU.Build.0 = Debug|Any CPU
		{7A7D0753-87C1-4E87-9FEF-F53062840A8F}.Release|Any CPU.ActiveCfg = Release|Any CPU
		{7A7D0753-87C1-4E87-9FEF-F53062840A8F}.Release|Any CPU.Build.0 = Release|Any CPU
		{BD338207-0601-4D53-8C3D-78364E30D461}.Debug|Any CPU.ActiveCfg = Debug|Any CPU
		{BD338207-0601-4D53-8C3D-78364E30D461}.Debug|Any CPU.Build.0 = Debug|Any CPU
		{BD338207-0601-4D53-8C3D-78364E30D461}.Release|Any CPU.ActiveCfg = Release|Any CPU
		{BD338207-0601-4D53-8C3D-78364E30D461}.Release|Any CPU.Build.0 = Release|Any CPU
		{5937A839-3912-40D4-9638-031DF48427F6}.Debug|Any CPU.ActiveCfg = Debug|Any CPU
		{5937A839-3912-40D4-9638-031DF48427F6}.Debug|Any CPU.Build.0 = Debug|Any CPU
		{5937A839-3912-40D4-9638-031DF48427F6}.Release|Any CPU.ActiveCfg = Release|Any CPU
		{5937A839-3912-40D4-9638-031DF48427F6}.Release|Any CPU.Build.0 = Release|Any CPU
		{F52ED670-17A4-4ED8-BD3E-6318B4561B61}.Debug|Any CPU.ActiveCfg = Debug|Any CPU
		{F52ED670-17A4-4ED8-BD3E-6318B4561B61}.Debug|Any CPU.Build.0 = Debug|Any CPU
		{F52ED670-17A4-4ED8-BD3E-6318B4561B61}.Release|Any CPU.ActiveCfg = Release|Any CPU
		{F52ED670-17A4-4ED8-BD3E-6318B4561B61}.Release|Any CPU.Build.0 = Release|Any CPU
		{B9B371E0-2F18-4A79-B245-F30019E99340}.Debug|Any CPU.ActiveCfg = Debug|Any CPU
		{B9B371E0-2F18-4A79-B245-F30019E99340}.Debug|Any CPU.Build.0 = Debug|Any CPU
		{B9B371E0-2F18-4A79-B245-F30019E99340}.Release|Any CPU.ActiveCfg = Release|Any CPU
		{B9B371E0-2F18-4A79-B245-F30019E99340}.Release|Any CPU.Build.0 = Release|Any CPU
	EndGlobalSection
	GlobalSection(SolutionProperties) = preSolution
		HideSolutionNode = FALSE
	EndGlobalSection
	GlobalSection(ExtensibilityGlobals) = postSolution
		SolutionGuid = {6E382BC8-33DC-4BE1-A4DE-D82239DFFFA5}
	EndGlobalSection
EndGlobal
